
Microsoft Visual Studio Solution File, Format Version 12.00
# Visual Studio Version 17
VisualStudioVersion = 17.10.34928.147
MinimumVisualStudioVersion = 10.0.40219.1
Project("{FAE04EC0-301F-11D3-BF4B-00C04F79EFBC}") = "AspApp", "AspApp\AspApp.csproj", "{AC1562DA-EB0F-4000-B243-7499E8094E42}"
EndProject
Global
	GlobalSection(SolutionConfigurationPlatforms) = preSolution
		Debug|Any CPU = Debug|Any CPU
		Release|Any CPU = Release|Any CPU
	EndGlobalSection
	GlobalSection(ProjectConfigurationPlatforms) = postSolution
		{AC1562DA-EB0F-4000-B243-7499E8094E42}.Debug|Any CPU.ActiveCfg = Debug|Any CPU
		{AC1562DA-EB0F-4000-B243-7499E8094E42}.Debug|Any CPU.Build.0 = Debug|Any CPU
		{AC1562DA-EB0F-4000-B243-7499E8094E42}.Release|Any CPU.ActiveCfg = Release|Any CPU
		{AC1562DA-EB0F-4000-B243-7499E8094E42}.Release|Any CPU.Build.0 = Release|Any CPU
	EndGlobalSection
	GlobalSection(SolutionProperties) = preSolution
		HideSolutionNode = FALSE
	EndGlobalSection
	GlobalSection(ExtensibilityGlobals) = postSolution
		SolutionGuid = {D1ED10C5-79F7-4341-801D-CD70B3768E9C}
	EndGlobalSection
EndGlobal
